
Microsoft Visual Studio Solution File, Format Version 12.00
# Visual Studio Version 16
VisualStudioVersion = 16.0.30611.23
MinimumVisualStudioVersion = 10.0.40219.1
Project("{FAE04EC0-301F-11D3-BF4B-00C04F79EFBC}") = "QuanLyThueNha", "QuanLyThueNha\QuanLyThueNha.csproj", "{A30DA1F1-57B7-4FE2-90EA-BA34634A7B9B}"
EndProject
Global
	GlobalSection(SolutionConfigurationPlatforms) = preSolution
		Debug|Any CPU = Debug|Any CPU
		Release|Any CPU = Release|Any CPU
	EndGlobalSection
	GlobalSection(ProjectConfigurationPlatforms) = postSolution
		{A30DA1F1-57B7-4FE2-90EA-BA34634A7B9B}.Debug|Any CPU.ActiveCfg = Debug|Any CPU
		{A30DA1F1-57B7-4FE2-90EA-BA34634A7B9B}.Debug|Any CPU.Build.0 = Debug|Any CPU
		{A30DA1F1-57B7-4FE2-90EA-BA34634A7B9B}.Release|Any CPU.ActiveCfg = Release|Any CPU
		{A30DA1F1-57B7-4FE2-90EA-BA34634A7B9B}.Release|Any CPU.Build.0 = Release|Any CPU
	EndGlobalSection
	GlobalSection(SolutionProperties) = preSolution
		HideSolutionNode = FALSE
	EndGlobalSection
	GlobalSection(ExtensibilityGlobals) = postSolution
		SolutionGuid = {76AF31E9-96F4-4675-8DA1-E93F1D66E8D4}
	EndGlobalSection
EndGlobal
